
Microsoft Visual Studio Solution File, Format Version 12.00
# Visual Studio Version 16
VisualStudioVersion = 16.0.29709.97
MinimumVisualStudioVersion = 10.0.40219.1
Project("{9A19103F-16F7-4668-BE54-9A1E7A4F7556}") = "SIS.HTTP", "SIS.HTTP\SIS.HTTP.csproj", "{7855DC04-3A03-45E4-8E13-E351C68FA6A4}"
EndProject
Project("{9A19103F-16F7-4668-BE54-9A1E7A4F7556}") = "SIS.MvcFramework", "SIS.MvcFramework\SIS.MvcFramework.csproj", "{769B0181-6132-4695-8D43-DCB1D5C44BDA}"
EndProject
Project("{9A19103F-16F7-4668-BE54-9A1E7A4F7556}") = "SIS.MvcFramework.Tests", "SIS.MvcFramework.Tests\SIS.MvcFramework.Tests.csproj", "{D225A8AF-CC18-4CC1-B3E3-369EAC5A8D1C}"
EndProject
Project("{9A19103F-16F7-4668-BE54-9A1E7A4F7556}") = "SULS", "SULS\SULS.csproj", "{08141A15-F84D-4EC4-9463-ABE76F46BDA9}"
EndProject
Project("{9A19103F-16F7-4668-BE54-9A1E7A4F7556}") = "IRunesNew", "IRunesNew\IRunesNew.csproj", "{410867A1-5876-4B73-9278-F333735932FA}"
EndProject
Project("{9A19103F-16F7-4668-BE54-9A1E7A4F7556}") = "Andreys", "Andreys\Andreys.csproj", "{5AA345B6-1B2C-49EF-9407-751C3078FADF}"
EndProject
Project("{9A19103F-16F7-4668-BE54-9A1E7A4F7556}") = "Panda", "Panda\Panda.csproj", "{DFDF75F8-721A-4BB3-9BA9-699B62547ACF}"
EndProject
Global
	GlobalSection(SolutionConfigurationPlatforms) = preSolution
		Debug|Any CPU = Debug|Any CPU
		Release|Any CPU = Release|Any CPU
	EndGlobalSection
	GlobalSection(ProjectConfigurationPlatforms) = postSolution
		{7855DC04-3A03-45E4-8E13-E351C68FA6A4}.Debug|Any CPU.ActiveCfg = Debug|Any CPU
		{7855DC04-3A03-45E4-8E13-E351C68FA6A4}.Debug|Any CPU.Build.0 = Debug|Any CPU
		{7855DC04-3A03-45E4-8E13-E351C68FA6A4}.Release|Any CPU.ActiveCfg = Release|Any CPU
		{7855DC04-3A03-45E4-8E13-E351C68FA6A4}.Release|Any CPU.Build.0 = Release|Any CPU
		{769B0181-6132-4695-8D43-DCB1D5C44BDA}.Debug|Any CPU.ActiveCfg = Debug|Any CPU
		{769B0181-6132-4695-8D43-DCB1D5C44BDA}.Debug|Any CPU.Build.0 = Debug|Any CPU
		{769B0181-6132-4695-8D43-DCB1D5C44BDA}.Release|Any CPU.ActiveCfg = Release|Any CPU
		{769B0181-6132-4695-8D43-DCB1D5C44BDA}.Release|Any CPU.Build.0 = Release|Any CPU
		{D225A8AF-CC18-4CC1-B3E3-369EAC5A8D1C}.Debug|Any CPU.ActiveCfg = Debug|Any CPU
		{D225A8AF-CC18-4CC1-B3E3-369EAC5A8D1C}.Debug|Any CPU.Build.0 = Debug|Any CPU
		{D225A8AF-CC18-4CC1-B3E3-369EAC5A8D1C}.Release|Any CPU.ActiveCfg = Release|Any CPU
		{D225A8AF-CC18-4CC1-B3E3-369EAC5A8D1C}.Release|Any CPU.Build.0 = Release|Any CPU
		{08141A15-F84D-4EC4-9463-ABE76F46BDA9}.Debug|Any CPU.ActiveCfg = Debug|Any CPU
		{08141A15-F84D-4EC4-9463-ABE76F46BDA9}.Debug|Any CPU.Build.0 = Debug|Any CPU
		{08141A15-F84D-4EC4-9463-ABE76F46BDA9}.Release|Any CPU.ActiveCfg = Release|Any CPU
		{08141A15-F84D-4EC4-9463-ABE76F46BDA9}.Release|Any CPU.Build.0 = Release|Any CPU
		{410867A1-5876-4B73-9278-F333735932FA}.Debug|Any CPU.ActiveCfg = Debug|Any CPU
		{410867A1-5876-4B73-9278-F333735932FA}.Debug|Any CPU.Build.0 = Debug|Any CPU
		{410867A1-5876-4B73-9278-F333735932FA}.Release|Any CPU.ActiveCfg = Release|Any CPU
		{410867A1-5876-4B73-9278-F333735932FA}.Release|Any CPU.Build.0 = Release|Any CPU
		{5AA345B6-1B2C-49EF-9407-751C3078FADF}.Debug|Any CPU.ActiveCfg = Debug|Any CPU
		{5AA345B6-1B2C-49EF-9407-751C3078FADF}.Debug|Any CPU.Build.0 = Debug|Any CPU
		{5AA345B6-1B2C-49EF-9407-751C3078FADF}.Release|Any CPU.ActiveCfg = Release|Any CPU
		{5AA345B6-1B2C-49EF-9407-751C3078FADF}.Release|Any CPU.Build.0 = Release|Any CPU
		{DFDF75F8-721A-4BB3-9BA9-699B62547ACF}.Debug|Any CPU.ActiveCfg = Debug|Any CPU
		{DFDF75F8-721A-4BB3-9BA9-699B62547ACF}.Debug|Any CPU.Build.0 = Debug|Any CPU
		{DFDF75F8-721A-4BB3-9BA9-699B62547ACF}.Release|Any CPU.ActiveCfg = Release|Any CPU
		{DFDF75F8-721A-4BB3-9BA9-699B62547ACF}.Release|Any CPU.Build.0 = Release|Any CPU
	EndGlobalSection
	GlobalSection(SolutionProperties) = preSolution
		HideSolutionNode = FALSE
	EndGlobalSection
	GlobalSection(ExtensibilityGlobals) = postSolution
		SolutionGuid = {CEA9858C-A70C-4DAC-A4B5-9393A32A9B82}
	EndGlobalSection
EndGlobal
